// !$*UTF8*$!
{
	archiveVersion = 1;
	classes = {
	};
	objectVersion = 50;
	objects = {

/* Begin PBXBuildFile section */
		3DD15F2922B3548600174348 /* AppDelegate.swift in Sources */ = {isa = PBXBuildFile; fileRef = 3DD15F2822B3548600174348 /* AppDelegate.swift */; };
		3DD15F2B22B3548600174348 /* ViewController.swift in Sources */ = {isa = PBXBuildFile; fileRef = 3DD15F2A22B3548600174348 /* ViewController.swift */; };
		3DD15F2E22B3548600174348 /* Main.storyboard in Resources */ = {isa = PBXBuildFile; fileRef = 3DD15F2C22B3548600174348 /* Main.storyboard */; };
		3DD15F3022B3548700174348 /* Assets.xcassets in Resources */ = {isa = PBXBuildFile; fileRef = 3DD15F2F22B3548700174348 /* Assets.xcassets */; };
		3DD15F3322B3548700174348 /* LaunchScreen.storyboard in Resources */ = {isa = PBXBuildFile; fileRef = 3DD15F3122B3548700174348 /* LaunchScreen.storyboard */; };
		3DD15F3E22B3548700174348 /* ChatTests.swift in Sources */ = {isa = PBXBuildFile; fileRef = 3DD15F3D22B3548700174348 /* ChatTests.swift */; };
		3DD15F4922B3548700174348 /* ChatUITests.swift in Sources */ = {isa = PBXBuildFile; fileRef = 3DD15F4822B3548700174348 /* ChatUITests.swift */; };
		3DD15F5922B355D600174348 /* ChatMessageCell.swift in Sources */ = {isa = PBXBuildFile; fileRef = 3DD15F5722B355D600174348 /* ChatMessageCell.swift */; };
		3DD15F5D22B3593500174348 /* ChatModel.swift in Sources */ = {isa = PBXBuildFile; fileRef = 3DD15F5C22B3593500174348 /* ChatModel.swift */; };
		3DD15F6022B35F0000174348 /* ChatListModel.swift in Sources */ = {isa = PBXBuildFile; fileRef = 3DD15F5F22B35F0000174348 /* ChatListModel.swift */; };
		3DD15F6222B3654C00174348 /* ChatMessageCell.xib in Resources */ = {isa = PBXBuildFile; fileRef = 3DD15F6122B3654C00174348 /* ChatMessageCell.xib */; };
		3DD15F6622B36ED200174348 /* screen.gif in Resources */ = {isa = PBXBuildFile; fileRef = 3DD15F6422B36ED100174348 /* screen.gif */; };
		3DD15F6722B36ED200174348 /* screen.jpg in Resources */ = {isa = PBXBuildFile; fileRef = 3DD15F6522B36ED100174348 /* screen.jpg */; };
/* End PBXBuildFile section */

/* Begin PBXContainerItemProxy section */
		3DD15F3A22B3548700174348 /* PBXContainerItemProxy */ = {
			isa = PBXContainerItemProxy;
			containerPortal = 3DD15F1D22B3548600174348 /* Project object */;
			proxyType = 1;
			remoteGlobalIDString = 3DD15F2422B3548600174348;
			remoteInfo = Chat;
		};
		3DD15F4522B3548700174348 /* PBXContainerItemProxy */ = {
			isa = PBXContainerItemProxy;
			containerPortal = 3DD15F1D22B3548600174348 /* Project object */;
			proxyType = 1;
			remoteGlobalIDString = 3DD15F2422B3548600174348;
			remoteInfo = Chat;
		};
/* End PBXContainerItemProxy section */

/* Begin PBXFileReference section */
		3DD15F2522B3548600174348 /* Chat.app */ = {isa = PBXFileReference; explicitFileType = wrapper.application; includeInIndex = 0; path = Chat.app; sourceTree = BUILT_PRODUCTS_DIR; };
		3DD15F2822B3548600174348 /* AppDelegate.swift */ = {isa = PBXFileReference; lastKnownFileType = sourcecode.swift; path = AppDelegate.swift; sourceTree = "<group>"; };
		3DD15F2A22B3548600174348 /* ViewController.swift */ = {isa = PBXFileReference; lastKnownFileType = sourcecode.swift; path = ViewController.swift; sourceTree = "<group>"; };
		3DD15F2D22B3548600174348 /* Base */ = {isa = PBXFileReference; lastKnownFileType = file.storyboard; name = Base; path = Base.lproj/Main.storyboard; sourceTree = "<group>"; };
		3DD15F2F22B3548700174348 /* Assets.xcassets */ = {isa = PBXFileReference; lastKnownFileType = folder.assetcatalog; path = Assets.xcassets; sourceTree = "<group>"; };
		3DD15F3222B3548700174348 /* Base */ = {isa = PBXFileReference; lastKnownFileType = file.storyboard; name = Base; path = Base.lproj/LaunchScreen.storyboard; sourceTree = "<group>"; };
		3DD15F3422B3548700174348 /* Info.plist */ = {isa = PBXFileReference; lastKnownFileType = text.plist.xml; path = Info.plist; sourceTree = "<group>"; };
		3DD15F3922B3548700174348 /* ChatTests.xctest */ = {isa = PBXFileReference; explicitFileType = wrapper.cfbundle; includeInIndex = 0; path = ChatTests.xctest; sourceTree = BUILT_PRODUCTS_DIR; };
		3DD15F3D22B3548700174348 /* ChatTests.swift */ = {isa = PBXFileReference; lastKnownFileType = sourcecode.swift; path = ChatTests.swift; sourceTree = "<group>"; };
		3DD15F3F22B3548700174348 /* Info.plist */ = {isa = PBXFileReference; lastKnownFileType = text.plist.xml; path = Info.plist; sourceTree = "<group>"; };
		3DD15F4422B3548700174348 /* ChatUITests.xctest */ = {isa = PBXFileReference; explicitFileType = wrapper.cfbundle; includeInIndex = 0; path = ChatUITests.xctest; sourceTree = BUILT_PRODUCTS_DIR; };
		3DD15F4822B3548700174348 /* ChatUITests.swift */ = {isa = PBXFileReference; lastKnownFileType = sourcecode.swift; path = ChatUITests.swift; sourceTree = "<group>"; };
		3DD15F4A22B3548800174348 /* Info.plist */ = {isa = PBXFileReference; lastKnownFileType = text.plist.xml; path = Info.plist; sourceTree = "<group>"; };
		3DD15F5722B355D600174348 /* ChatMessageCell.swift */ = {isa = PBXFileReference; lastKnownFileType = sourcecode.swift; path = ChatMessageCell.swift; sourceTree = "<group>"; };
		3DD15F5C22B3593500174348 /* ChatModel.swift */ = {isa = PBXFileReference; lastKnownFileType = sourcecode.swift; path = ChatModel.swift; sourceTree = "<group>"; };
		3DD15F5F22B35F0000174348 /* ChatListModel.swift */ = {isa = PBXFileReference; lastKnownFileType = sourcecode.swift; path = ChatListModel.swift; sourceTree = "<group>"; };
		3DD15F6122B3654C00174348 /* ChatMessageCell.xib */ = {isa = PBXFileReference; fileEncoding = 4; lastKnownFileType = file.xib; path = ChatMessageCell.xib; sourceTree = "<group>"; };
		3DD15F6422B36ED100174348 /* screen.gif */ = {isa = PBXFileReference; lastKnownFileType = image.gif; path = screen.gif; sourceTree = "<group>"; };
		3DD15F6522B36ED100174348 /* screen.jpg */ = {isa = PBXFileReference; lastKnownFileType = image.jpeg; path = screen.jpg; sourceTree = "<group>"; };
/* End PBXFileReference section */

/* Begin PBXFrameworksBuildPhase section */
		3DD15F2222B3548600174348 /* Frameworks */ = {
			isa = PBXFrameworksBuildPhase;
			buildActionMask = 2147483647;
			files = (
			);
			runOnlyForDeploymentPostprocessing = 0;
		};
		3DD15F3622B3548700174348 /* Frameworks */ = {
			isa = PBXFrameworksBuildPhase;
			buildActionMask = 2147483647;
			files = (
			);
			runOnlyForDeploymentPostprocessing = 0;
		};
		3DD15F4122B3548700174348 /* Frameworks */ = {
			isa = PBXFrameworksBuildPhase;
			buildActionMask = 2147483647;
			files = (
			);
			runOnlyForDeploymentPostprocessing = 0;
		};
/* End PBXFrameworksBuildPhase section */

/* Begin PBXGroup section */
		3DD15F1C22B3548600174348 = {
			isa = PBXGroup;
			children = (
				3DD15F2722B3548600174348 /* Chat */,
				3DD15F3C22B3548700174348 /* ChatTests */,
				3DD15F4722B3548700174348 /* ChatUITests */,
				3DD15F2622B3548600174348 /* Products */,
			);
			sourceTree = "<group>";
		};
		3DD15F2622B3548600174348 /* Products */ = {
			isa = PBXGroup;
			children = (
				3DD15F2522B3548600174348 /* Chat.app */,
				3DD15F3922B3548700174348 /* ChatTests.xctest */,
				3DD15F4422B3548700174348 /* ChatUITests.xctest */,
			);
			name = Products;
			sourceTree = "<group>";
		};
		3DD15F2722B3548600174348 /* Chat */ = {
			isa = PBXGroup;
			children = (
				3DD15F6322B36E1500174348 /* Resource */,
				3DD15F5622B355B100174348 /* ChatLibrary */,
				3DD15F5B22B3592400174348 /* ChatModel */,
				3DD15F2822B3548600174348 /* AppDelegate.swift */,
				3DD15F2A22B3548600174348 /* ViewController.swift */,
				3DD15F2C22B3548600174348 /* Main.storyboard */,
				3DD15F2F22B3548700174348 /* Assets.xcassets */,
				3DD15F3122B3548700174348 /* LaunchScreen.storyboard */,
				3DD15F3422B3548700174348 /* Info.plist */,
			);
			path = Chat;
			sourceTree = "<group>";
		};
		3DD15F3C22B3548700174348 /* ChatTests */ = {
			isa = PBXGroup;
			children = (
				3DD15F3D22B3548700174348 /* ChatTests.swift */,
				3DD15F3F22B3548700174348 /* Info.plist */,
			);
			path = ChatTests;
			sourceTree = "<group>";
		};
		3DD15F4722B3548700174348 /* ChatUITests */ = {
			isa = PBXGroup;
			children = (
				3DD15F4822B3548700174348 /* ChatUITests.swift */,
				3DD15F4A22B3548800174348 /* Info.plist */,
			);
			path = ChatUITests;
			sourceTree = "<group>";
		};
		3DD15F5622B355B100174348 /* ChatLibrary */ = {
			isa = PBXGroup;
			children = (
				3DD15F5E22B35EF200174348 /* ChatListModel */,
				3DD15F6122B3654C00174348 /* ChatMessageCell.xib */,
				3DD15F5722B355D600174348 /* ChatMessageCell.swift */,
			);
			path = ChatLibrary;
			sourceTree = "<group>";
		};
		3DD15F5B22B3592400174348 /* ChatModel */ = {
			isa = PBXGroup;
			children = (
				3DD15F5C22B3593500174348 /* ChatModel.swift */,
			);
			path = ChatModel;
			sourceTree = "<group>";
		};
		3DD15F5E22B35EF200174348 /* ChatListModel */ = {
			isa = PBXGroup;
			children = (
				3DD15F5F22B35F0000174348 /* ChatListModel.swift */,
			);
			path = ChatListModel;
			sourceTree = "<group>";
		};
		3DD15F6322B36E1500174348 /* Resource */ = {
			isa = PBXGroup;
			children = (
				3DD15F6422B36ED100174348 /* screen.gif */,
				3DD15F6522B36ED100174348 /* screen.jpg */,
			);
			path = Resource;
			sourceTree = "<group>";
		};
/* End PBXGroup section */

/* Begin PBXNativeTarget section */
		3DD15F2422B3548600174348 /* Chat */ = {
			isa = PBXNativeTarget;
			buildConfigurationList = 3DD15F4D22B3548800174348 /* Build configuration list for PBXNativeTarget "Chat" */;
			buildPhases = (
				3DD15F2122B3548600174348 /* Sources */,
				3DD15F2222B3548600174348 /* Frameworks */,
				3DD15F2322B3548600174348 /* Resources */,
			);
			buildRules = (
			);
			dependencies = (
			);
			name = Chat;
			productName = Chat;
			productReference = 3DD15F2522B3548600174348 /* Chat.app */;
			productType = "com.apple.product-type.application";
		};
		3DD15F3822B3548700174348 /* ChatTests */ = {
			isa = PBXNativeTarget;
			buildConfigurationList = 3DD15F5022B3548800174348 /* Build configuration list for PBXNativeTarget "ChatTests" */;
			buildPhases = (
				3DD15F3522B3548700174348 /* Sources */,
				3DD15F3622B3548700174348 /* Frameworks */,
				3DD15F3722B3548700174348 /* Resources */,
			);
			buildRules = (
			);
			dependencies = (
				3DD15F3B22B3548700174348 /* PBXTargetDependency */,
			);
			name = ChatTests;
			productName = ChatTests;
			productReference = 3DD15F3922B3548700174348 /* ChatTests.xctest */;
			productType = "com.apple.product-type.bundle.unit-test";
		};
		3DD15F4322B3548700174348 /* ChatUITests */ = {
			isa = PBXNativeTarget;
			buildConfigurationList = 3DD15F5322B3548800174348 /* Build configuration list for PBXNativeTarget "ChatUITests" */;
			buildPhases = (
				3DD15F4022B3548700174348 /* Sources */,
				3DD15F4122B3548700174348 /* Frameworks */,
				3DD15F4222B3548700174348 /* Resources */,
			);
			buildRules = (
			);
			dependencies = (
				3DD15F4622B3548700174348 /* PBXTargetDependency */,
			);
			name = ChatUITests;
			productName = ChatUITests;
			productReference = 3DD15F4422B3548700174348 /* ChatUITests.xctest */;
			productType = "com.apple.product-type.bundle.ui-testing";
		};
/* End PBXNativeTarget section */

/* Begin PBXProject section */
		3DD15F1D22B3548600174348 /* Project object */ = {
			isa = PBXProject;
			attributes = {
				LastSwiftUpdateCheck = 1020;
				LastUpgradeCheck = 1020;
				ORGANIZATIONNAME = Nirav;
				TargetAttributes = {
					3DD15F2422B3548600174348 = {
						CreatedOnToolsVersion = 10.2;
					};
					3DD15F3822B3548700174348 = {
						CreatedOnToolsVersion = 10.2;
						TestTargetID = 3DD15F2422B3548600174348;
					};
					3DD15F4322B3548700174348 = {
						CreatedOnToolsVersion = 10.2;
						TestTargetID = 3DD15F2422B3548600174348;
					};
				};
			};
			buildConfigurationList = 3DD15F2022B3548600174348 /* Build configuration list for PBXProject "Chat" */;
			compatibilityVersion = "Xcode 9.3";
			developmentRegion = en;
			hasScannedForEncodings = 0;
			knownRegions = (
				en,
				Base,
			);
			mainGroup = 3DD15F1C22B3548600174348;
			productRefGroup = 3DD15F2622B3548600174348 /* Products */;
			projectDirPath = "";
			projectRoot = "";
			targets = (
				3DD15F2422B3548600174348 /* Chat */,
				3DD15F3822B3548700174348 /* ChatTests */,
				3DD15F4322B3548700174348 /* ChatUITests */,
			);
		};
/* End PBXProject section */

/* Begin PBXResourcesBuildPhase section */
		3DD15F2322B3548600174348 /* Resources */ = {
			isa = PBXResourcesBuildPhase;
			buildActionMask = 2147483647;
			files = (
				3DD15F3322B3548700174348 /* LaunchScreen.storyboard in Resources */,
				3DD15F6622B36ED200174348 /* screen.gif in Resources */,
				3DD15F6222B3654C00174348 /* ChatMessageCell.xib in Resources */,
				3DD15F6722B36ED200174348 /* screen.jpg in Resources */,
				3DD15F3022B3548700174348 /* Assets.xcassets in Resources */,
				3DD15F2E22B3548600174348 /* Main.storyboard in Resources */,
			);
			runOnlyForDeploymentPostprocessing = 0;
		};
		3DD15F3722B3548700174348 /* Resources */ = {
			isa = PBXResourcesBuildPhase;
			buildActionMask = 2147483647;
			files = (
			);
			runOnlyForDeploymentPostprocessing = 0;
		};
		3DD15F4222B3548700174348 /* Resources */ = {
			isa = PBXResourcesBuildPhase;
			buildActionMask = 2147483647;
			files = (
			);
			runOnlyForDeploymentPostprocessing = 0;
		};
/* End PBXResourcesBuildPhase section */

/* Begin PBXSourcesBuildPhase section */
		3DD15F2122B3548600174348 /* Sources */ = {
			isa = PBXSourcesBuildPhase;
			buildActionMask = 2147483647;
			files = (
				3DD15F6022B35F0000174348 /* ChatListModel.swift in Sources */,
				3DD15F5922B355D600174348 /* ChatMessageCell.swift in Sources */,
				3DD15F2B22B3548600174348 /* ViewController.swift in Sources */,
				3DD15F2922B3548600174348 /* AppDelegate.swift in Sources */,
				3DD15F5D22B3593500174348 /* ChatModel.swift in Sources */,
			);
			runOnlyForDeploymentPostprocessing = 0;
		};
		3DD15F3522B3548700174348 /* Sources */ = {
			isa = PBXSourcesBuildPhase;
			buildActionMask = 2147483647;
			files = (
				3DD15F3E22B3548700174348 /* ChatTests.swift in Sources */,
			);
			runOnlyForDeploymentPostprocessing = 0;
		};
		3DD15F4022B3548700174348 /* Sources */ = {
			isa = PBXSourcesBuildPhase;
			buildActionMask = 2147483647;
			files = (
				3DD15F4922B3548700174348 /* ChatUITests.swift in Sources */,
			);
			runOnlyForDeploymentPostprocessing = 0;
		};
/* End PBXSourcesBuildPhase section */

/* Begin PBXTargetDependency section */
		3DD15F3B22B3548700174348 /* PBXTargetDependency */ = {
			isa = PBXTargetDependency;
			target = 3DD15F2422B3548600174348 /* Chat */;
			targetProxy = 3DD15F3A22B3548700174348 /* PBXContainerItemProxy */;
		};
		3DD15F4622B3548700174348 /* PBXTargetDependency */ = {
			isa = PBXTargetDependency;
			target = 3DD15F2422B3548600174348 /* Chat */;
			targetProxy = 3DD15F4522B3548700174348 /* PBXContainerItemProxy */;
		};
/* End PBXTargetDependency section */

/* Begin PBXVariantGroup section */
		3DD15F2C22B3548600174348 /* Main.storyboard */ = {
			isa = PBXVariantGroup;
			children = (
				3DD15F2D22B3548600174348 /* Base */,
			);
			name = Main.storyboard;
			sourceTree = "<group>";
		};
		3DD15F3122B3548700174348 /* LaunchScreen.storyboard */ = {
			isa = PBXVariantGroup;
			children = (
				3DD15F3222B3548700174348 /* Base */,
			);
			name = LaunchScreen.storyboard;
			sourceTree = "<group>";
		};
/* End PBXVariantGroup section */

/* Begin XCBuildConfiguration section */
		3DD15F4B22B3548800174348 /* Debug */ = {
			isa = XCBuildConfiguration;
			buildSettings = {
				ALWAYS_SEARCH_USER_PATHS = NO;
				CLANG_ANALYZER_NONNULL = YES;
				CLANG_ANALYZER_NUMBER_OBJECT_CONVERSION = YES_AGGRESSIVE;
				CLANG_CXX_LANGUAGE_STANDARD = "gnu++14";
				CLANG_CXX_LIBRARY = "libc++";
				CLANG_ENABLE_MODULES = YES;
				CLANG_ENABLE_OBJC_ARC = YES;
				CLANG_ENABLE_OBJC_WEAK = YES;
				CLANG_WARN_BLOCK_CAPTURE_AUTORELEASING = YES;
				CLANG_WARN_BOOL_CONVERSION = YES;
				CLANG_WARN_COMMA = YES;
				CLANG_WARN_CONSTANT_CONVERSION = YES;
				CLANG_WARN_DEPRECATED_OBJC_IMPLEMENTATIONS = YES;
				CLANG_WARN_DIRECT_OBJC_ISA_USAGE = YES_ERROR;
				CLANG_WARN_DOCUMENTATION_COMMENTS = YES;
				CLANG_WARN_EMPTY_BODY = YES;
				CLANG_WARN_ENUM_CONVERSION = YES;
				CLANG_WARN_INFINITE_RECURSION = YES;
				CLANG_WARN_INT_CONVERSION = YES;
				CLANG_WARN_NON_LITERAL_NULL_CONVERSION = YES;
				CLANG_WARN_OBJC_IMPLICIT_RETAIN_SELF = YES;
				CLANG_WARN_OBJC_LITERAL_CONVERSION = YES;
				CLANG_WARN_OBJC_ROOT_CLASS = YES_ERROR;
				CLANG_WARN_RANGE_LOOP_ANALYSIS = YES;
				CLANG_WARN_STRICT_PROTOTYPES = YES;
				CLANG_WARN_SUSPICIOUS_MOVE = YES;
				CLANG_WARN_UNGUARDED_AVAILABILITY = YES_AGGRESSIVE;
				CLANG_WARN_UNREACHABLE_CODE = YES;
				CLANG_WARN__DUPLICATE_METHOD_MATCH = YES;
				CODE_SIGN_IDENTITY = "iPhone Developer";
				COPY_PHASE_STRIP = NO;
				DEBUG_INFORMATION_FORMAT = dwarf;
				ENABLE_STRICT_OBJC_MSGSEND = YES;
				ENABLE_TESTABILITY = YES;
				GCC_C_LANGUAGE_STANDARD = gnu11;
				GCC_DYNAMIC_NO_PIC = NO;
				GCC_NO_COMMON_BLOCKS = YES;
				GCC_OPTIMIZATION_LEVEL = 0;
				GCC_PREPROCESSOR_DEFINITIONS = (
					"DEBUG=1",
					"$(inherited)",
				);
				GCC_WARN_64_TO_32_BIT_CONVERSION = YES;
				GCC_WARN_ABOUT_RETURN_TYPE = YES_ERROR;
				GCC_WARN_UNDECLARED_SELECTOR = YES;
				GCC_WARN_UNINITIALIZED_AUTOS = YES_AGGRESSIVE;
				GCC_WARN_UNUSED_FUNCTION = YES;
				GCC_WARN_UNUSED_VARIABLE = YES;
				IPHONEOS_DEPLOYMENT_TARGET = 12.2;
				MTL_ENABLE_DEBUG_INFO = INCLUDE_SOURCE;
				MTL_FAST_MATH = YES;
				ONLY_ACTIVE_ARCH = YES;
				SDKROOT = iphoneos;
				SWIFT_ACTIVE_COMPILATION_CONDITIONS = DEBUG;
				SWIFT_OPTIMIZATION_LEVEL = "-Onone";
			};
			name = Debug;
		};
		3DD15F4C22B3548800174348 /* Release */ = {
			isa = XCBuildConfiguration;
			buildSettings = {
				ALWAYS_SEARCH_USER_PATHS = NO;
				CLANG_ANALYZER_NONNULL = YES;
				CLANG_ANALYZER_NUMBER_OBJECT_CONVERSION = YES_AGGRESSIVE;
				CLANG_CXX_LANGUAGE_STANDARD = "gnu++14";
				CLANG_CXX_LIBRARY = "libc++";
				CLANG_ENABLE_MODULES = YES;
				CLANG_ENABLE_OBJC_ARC = YES;
				CLANG_ENABLE_OBJC_WEAK = YES;
				CLANG_WARN_BLOCK_CAPTURE_AUTORELEASING = YES;
				CLANG_WARN_BOOL_CONVERSION = YES;
				CLANG_WARN_COMMA = YES;
				CLANG_WARN_CONSTANT_CONVERSION = YES;
				CLANG_WARN_DEPRECATED_OBJC_IMPLEMENTATIONS = YES;
				CLANG_WARN_DIRECT_OBJC_ISA_USAGE = YES_ERROR;
				CLANG_WARN_DOCUMENTATION_COMMENTS = YES;
				CLANG_WARN_EMPTY_BODY = YES;
				CLANG_WARN_ENUM_CONVERSION = YES;
				CLANG_WARN_INFINITE_RECURSION = YES;
				CLANG_WARN_INT_CONVERSION = YES;
				CLANG_WARN_NON_LITERAL_NULL_CONVERSION = YES;
				CLANG_WARN_OBJC_IMPLICIT_RETAIN_SELF = YES;
				CLANG_WARN_OBJC_LITERAL_CONVERSION = YES;
				CLANG_WARN_OBJC_ROOT_CLASS = YES_ERROR;
				CLANG_WARN_RANGE_LOOP_ANALYSIS = YES;
				CLANG_WARN_STRICT_PROTOTYPES = YES;
				CLANG_WARN_SUSPICIOUS_MOVE = YES;
				CLANG_WARN_UNGUARDED_AVAILABILITY = YES_AGGRESSIVE;
				CLANG_WARN_UNREACHABLE_CODE = YES;
				CLANG_WARN__DUPLICATE_METHOD_MATCH = YES;
				CODE_SIGN_IDENTITY = "iPhone Developer";
				COPY_PHASE_STRIP = NO;
				DEBUG_INFORMATION_FORMAT = "dwarf-with-dsym";
				ENABLE_NS_ASSERTIONS = NO;
				ENABLE_STRICT_OBJC_MSGSEND = YES;
				GCC_C_LANGUAGE_STANDARD = gnu11;
				GCC_NO_COMMON_BLOCKS = YES;
				GCC_WARN_64_TO_32_BIT_CONVERSION = YES;
				GCC_WARN_ABOUT_RETURN_TYPE = YES_ERROR;
				GCC_WARN_UNDECLARED_SELECTOR = YES;
				GCC_WARN_UNINITIALIZED_AUTOS = YES_AGGRESSIVE;
				GCC_WARN_UNUSED_FUNCTION = YES;
				GCC_WARN_UNUSED_VARIABLE = YES;
				IPHONEOS_DEPLOYMENT_TARGET = 12.2;
				MTL_ENABLE_DEBUG_INFO = NO;
				MTL_FAST_MATH = YES;
				SDKROOT = iphoneos;
				SWIFT_COMPILATION_MODE = wholemodule;
				SWIFT_OPTIMIZATION_LEVEL = "-O";
				VALIDATE_PRODUCT = YES;
			};
			name = Release;
		};
		3DD15F4E22B3548800174348 /* Debug */ = {
			isa = XCBuildConfiguration;
			buildSettings = {
				ASSETCATALOG_COMPILER_APPICON_NAME = AppIcon;
				CODE_SIGN_STYLE = Automatic;
				INFOPLIST_FILE = Chat/Info.plist;
				LD_RUNPATH_SEARCH_PATHS = (
					"$(inherited)",
					"@executable_path/Frameworks",
				);
				PRODUCT_BUNDLE_IDENTIFIER = com.Nirav.Chat;
				PRODUCT_NAME = "$(TARGET_NAME)";
				SWIFT_VERSION = 5.0;
				TARGETED_DEVICE_FAMILY = "1,2";
			};
			name = Debug;
		};
		3DD15F4F22B3548800174348 /* Release */ = {
			isa = XCBuildConfiguration;
			buildSettings = {
				ASSETCATALOG_COMPILER_APPICON_NAME = AppIcon;
				CODE_SIGN_STYLE = Automatic;
				INFOPLIST_FILE = Chat/Info.plist;
				LD_RUNPATH_SEARCH_PATHS = (
					"$(inherited)",
					"@executable_path/Frameworks",
				);
				PRODUCT_BUNDLE_IDENTIFIER = com.Nirav.Chat;
				PRODUCT_NAME = "$(TARGET_NAME)";
				SWIFT_VERSION = 5.0;
				TARGETED_DEVICE_FAMILY = "1,2";
			};
			name = Release;
		};
		3DD15F5122B3548800174348 /* Debug */ = {
			isa = XCBuildConfiguration;
			buildSettings = {
				ALWAYS_EMBED_SWIFT_STANDARD_LIBRARIES = YES;
				BUNDLE_LOADER = "$(TEST_HOST)";
				CODE_SIGN_STYLE = Automatic;
				INFOPLIST_FILE = ChatTests/Info.plist;
				LD_RUNPATH_SEARCH_PATHS = (
					"$(inherited)",
					"@executable_path/Frameworks",
					"@loader_path/Frameworks",
				);
				PRODUCT_BUNDLE_IDENTIFIER = com.Nirav.ChatTests;
				PRODUCT_NAME = "$(TARGET_NAME)";
				SWIFT_VERSION = 5.0;
				TARGETED_DEVICE_FAMILY = "1,2";
				TEST_HOST = "$(BUILT_PRODUCTS_DIR)/Chat.app/Chat";
			};
			name = Debug;
		};
		3DD15F5222B3548800174348 /* Release */ = {
			isa = XCBuildConfiguration;
			buildSettings = {
				ALWAYS_EMBED_SWIFT_STANDARD_LIBRARIES = YES;
				BUNDLE_LOADER = "$(TEST_HOST)";
				CODE_SIGN_STYLE = Automatic;
				INFOPLIST_FILE = ChatTests/Info.plist;
				LD_RUNPATH_SEARCH_PATHS = (
					"$(inherited)",
					"@executable_path/Frameworks",
					"@loader_path/Frameworks",
				);
				PRODUCT_BUNDLE_IDENTIFIER = com.Nirav.ChatTests;
				PRODUCT_NAME = "$(TARGET_NAME)";
				SWIFT_VERSION = 5.0;
				TARGETED_DEVICE_FAMILY = "1,2";
				TEST_HOST = "$(BUILT_PRODUCTS_DIR)/Chat.app/Chat";
			};
			name = Release;
		};
		3DD15F5422B3548800174348 /* Debug */ = {
			isa = XCBuildConfiguration;
			buildSettings = {
				ALWAYS_EMBED_SWIFT_STANDARD_LIBRARIES = YES;
				CODE_SIGN_STYLE = Automatic;
				INFOPLIST_FILE = ChatUITests/Info.plist;
				LD_RUNPATH_SEARCH_PATHS = (
					"$(inherited)",
					"@executable_path/Frameworks",
					"@loader_path/Frameworks",
				);
				PRODUCT_BUNDLE_IDENTIFIER = com.Nirav.ChatUITests;
				PRODUCT_NAME = "$(TARGET_NAME)";
				SWIFT_VERSION = 5.0;
				TARGETED_DEVICE_FAMILY = "1,2";
				TEST_TARGET_NAME = Chat;
			};
			name = Debug;
		};
		3DD15F5522B3548800174348 /* Release */ = {
			isa = XCBuildConfiguration;
			buildSettings = {
				ALWAYS_EMBED_SWIFT_STANDARD_LIBRARIES = YES;
				CODE_SIGN_STYLE = Automatic;
				INFOPLIST_FILE = ChatUITests/Info.plist;
				LD_RUNPATH_SEARCH_PATHS = (
					"$(inherited)",
					"@executable_path/Frameworks",
					"@loader_path/Frameworks",
				);
				PRODUCT_BUNDLE_IDENTIFIER = com.Nirav.ChatUITests;
				PRODUCT_NAME = "$(TARGET_NAME)";
				SWIFT_VERSION = 5.0;
				TARGETED_DEVICE_FAMILY = "1,2";
				TEST_TARGET_NAME = Chat;
			};
			name = Release;
		};
/* End XCBuildConfiguration section */

/* Begin XCConfigurationList section */
		3DD15F2022B3548600174348 /* Build configuration list for PBXProject "Chat" */ = {
			isa = XCConfigurationList;
			buildConfigurations = (
				3DD15F4B22B3548800174348 /* Debug */,
				3DD15F4C22B3548800174348 /* Release */,
			);
			defaultConfigurationIsVisible = 0;
			defaultConfigurationName = Release;
		};
		3DD15F4D22B3548800174348 /* Build configuration list for PBXNativeTarget "Chat" */ = {
			isa = XCConfigurationList;
			buildConfigurations = (
				3DD15F4E22B3548800174348 /* Debug */,
				3DD15F4F22B3548800174348 /* Release */,
			);
			defaultConfigurationIsVisible = 0;
			defaultConfigurationName = Release;
		};
		3DD15F5022B3548800174348 /* Build configuration list for PBXNativeTarget "ChatTests" */ = {
			isa = XCConfigurationList;
			buildConfigurations = (
				3DD15F5122B3548800174348 /* Debug */,
				3DD15F5222B3548800174348 /* Release */,
			);
			defaultConfigurationIsVisible = 0;
			defaultConfigurationName = Release;
		};
		3DD15F5322B3548800174348 /* Build configuration list for PBXNativeTarget "ChatUITests" */ = {
			isa = XCConfigurationList;
			buildConfigurations = (
				3DD15F5422B3548800174348 /* Debug */,
				3DD15F5522B3548800174348 /* Release */,
			);
			defaultConfigurationIsVisible = 0;
			defaultConfigurationName = Release;
		};
/* End XCConfigurationList section */
	};
	rootObject = 3DD15F1D22B3548600174348 /* Project object */;
}
